
Microsoft Visual Studio Solution File, Format Version 12.00
# Visual Studio 14
VisualStudioVersion = 14.0.25420.1
MinimumVisualStudioVersion = 10.0.40219.1
Project("{FAE04EC0-301F-11D3-BF4B-00C04F79EFBC}") = "ReadCSVFile", "ReadCSVFile\ReadCSVFile.csproj", "{016BE8AB-2029-46F9-8CF1-5B968FB19437}"
EndProject
Project("{FAE04EC0-301F-11D3-BF4B-00C04F79EFBC}") = "Application.Common", "Application.Common\Application.Common.csproj", "{786CA5D7-DEDC-4784-875C-7E291D36D40A}"
EndProject
Project("{FAE04EC0-301F-11D3-BF4B-00C04F79EFBC}") = "UnitTesReadCSVFile", "UnitTesReadCSVFile\UnitTesReadCSVFile.csproj", "{980EAE37-2070-4DDB-B028-EF04FC57634F}"
EndProject
Global
	GlobalSection(SolutionConfigurationPlatforms) = preSolution
		Debug|Any CPU = Debug|Any CPU
		Release|Any CPU = Release|Any CPU
	EndGlobalSection
	GlobalSection(ProjectConfigurationPlatforms) = postSolution
		{016BE8AB-2029-46F9-8CF1-5B968FB19437}.Debug|Any CPU.ActiveCfg = Debug|Any CPU
		{016BE8AB-2029-46F9-8CF1-5B968FB19437}.Debug|Any CPU.Build.0 = Debug|Any CPU
		{016BE8AB-2029-46F9-8CF1-5B968FB19437}.Release|Any CPU.ActiveCfg = Release|Any CPU
		{016BE8AB-2029-46F9-8CF1-5B968FB19437}.Release|Any CPU.Build.0 = Release|Any CPU
		{786CA5D7-DEDC-4784-875C-7E291D36D40A}.Debug|Any CPU.ActiveCfg = Debug|Any CPU
		{786CA5D7-DEDC-4784-875C-7E291D36D40A}.Debug|Any CPU.Build.0 = Debug|Any CPU
		{786CA5D7-DEDC-4784-875C-7E291D36D40A}.Release|Any CPU.ActiveCfg = Release|Any CPU
		{786CA5D7-DEDC-4784-875C-7E291D36D40A}.Release|Any CPU.Build.0 = Release|Any CPU
		{980EAE37-2070-4DDB-B028-EF04FC57634F}.Debug|Any CPU.ActiveCfg = Debug|Any CPU
		{980EAE37-2070-4DDB-B028-EF04FC57634F}.Debug|Any CPU.Build.0 = Debug|Any CPU
		{980EAE37-2070-4DDB-B028-EF04FC57634F}.Release|Any CPU.ActiveCfg = Release|Any CPU
		{980EAE37-2070-4DDB-B028-EF04FC57634F}.Release|Any CPU.Build.0 = Release|Any CPU
	EndGlobalSection
	GlobalSection(SolutionProperties) = preSolution
		HideSolutionNode = FALSE
	EndGlobalSection
EndGlobal
